// !$*UTF8*$!
{
	archiveVersion = 1;
	classes = {
	};
	objectVersion = 46;
	objects = {

/* Begin PBXBuildFile section */
		041A33F81A7D04AA002D9426 /* sansation.ttf in Resources */ = {isa = PBXBuildFile; fileRef = 041A33F71A7D04AA002D9426 /* sansation.ttf */; };
		041A33FA1A7D0BEB002D9426 /* death.wav in Resources */ = {isa = PBXBuildFile; fileRef = 041A33F91A7D0BEB002D9426 /* death.wav */; };
		04D2A9E01A7C948F0057C21D /* ResourcePath.mm in Sources */ = {isa = PBXBuildFile; fileRef = 04D2A9DF1A7C948F0057C21D /* ResourcePath.mm */; };
		04D2AA181A7C96620057C21D /* asteroid-large.png in Resources */ = {isa = PBXBuildFile; fileRef = 04D2AA121A7C96620057C21D /* asteroid-large.png */; };
		04D2AA191A7C96620057C21D /* asteroid-med.png in Resources */ = {isa = PBXBuildFile; fileRef = 04D2AA131A7C96620057C21D /* asteroid-med.png */; };
		04D2AA1A1A7C96620057C21D /* asteroid-small.png in Resources */ = {isa = PBXBuildFile; fileRef = 04D2AA141A7C96620057C21D /* asteroid-small.png */; };
		04D2AA1B1A7C96620057C21D /* background.png in Resources */ = {isa = PBXBuildFile; fileRef = 04D2AA151A7C96620057C21D /* background.png */; };
		04D2AA1C1A7C96620057C21D /* death.png in Resources */ = {isa = PBXBuildFile; fileRef = 04D2AA161A7C96620057C21D /* death.png */; };
		04D2AA1D1A7C96620057C21D /* ship.png in Resources */ = {isa = PBXBuildFile; fileRef = 04D2AA171A7C96620057C21D /* ship.png */; };
		04D2AA231A7C96720057C21D /* Asteroid.cpp in Sources */ = {isa = PBXBuildFile; fileRef = 04D2AA1E1A7C96720057C21D /* Asteroid.cpp */; };
		04D2AA241A7C96720057C21D /* Background.cpp in Sources */ = {isa = PBXBuildFile; fileRef = 04D2AA1F1A7C96720057C21D /* Background.cpp */; };
		04D2AA251A7C96720057C21D /* Game.cpp in Sources */ = {isa = PBXBuildFile; fileRef = 04D2AA201A7C96720057C21D /* Game.cpp */; };
		04D2AA261A7C96720057C21D /* Main.cpp in Sources */ = {isa = PBXBuildFile; fileRef = 04D2AA211A7C96720057C21D /* Main.cpp */; };
		04D2AA271A7C96720057C21D /* Player.cpp in Sources */ = {isa = PBXBuildFile; fileRef = 04D2AA221A7C96720057C21D /* Player.cpp */; };
/* End PBXBuildFile section */

/* Begin PBXFileReference section */
		041A33F71A7D04AA002D9426 /* sansation.ttf */ = {isa = PBXFileReference; lastKnownFileType = file; path = sansation.ttf; sourceTree = "<group>"; };
		041A33F91A7D0BEB002D9426 /* death.wav */ = {isa = PBXFileReference; lastKnownFileType = audio.wav; path = death.wav; sourceTree = "<group>"; };
		04D2A9DA1A7C948F0057C21D /* SpaceGameV4.app */ = {isa = PBXFileReference; explicitFileType = wrapper.application; includeInIndex = 0; path = SpaceGameV4.app; sourceTree = BUILT_PRODUCTS_DIR; };
		04D2A9DE1A7C948F0057C21D /* SpaceGameV4-Info.plist */ = {isa = PBXFileReference; lastKnownFileType = text.plist.xml; path = "SpaceGameV4-Info.plist"; sourceTree = "<group>"; };
		04D2A9DF1A7C948F0057C21D /* ResourcePath.mm */ = {isa = PBXFileReference; lastKnownFileType = sourcecode.cpp.objcpp; path = ResourcePath.mm; sourceTree = "<group>"; };
		04D2A9E11A7C948F0057C21D /* ResourcePath.hpp */ = {isa = PBXFileReference; lastKnownFileType = sourcecode.cpp.h; path = ResourcePath.hpp; sourceTree = "<group>"; };
		04D2AA121A7C96620057C21D /* asteroid-large.png */ = {isa = PBXFileReference; lastKnownFileType = image.png; path = "asteroid-large.png"; sourceTree = "<group>"; };
		04D2AA131A7C96620057C21D /* asteroid-med.png */ = {isa = PBXFileReference; lastKnownFileType = image.png; path = "asteroid-med.png"; sourceTree = "<group>"; };
		04D2AA141A7C96620057C21D /* asteroid-small.png */ = {isa = PBXFileReference; lastKnownFileType = image.png; path = "asteroid-small.png"; sourceTree = "<group>"; };
		04D2AA151A7C96620057C21D /* background.png */ = {isa = PBXFileReference; lastKnownFileType = image.png; path = background.png; sourceTree = "<group>"; };
		04D2AA161A7C96620057C21D /* death.png */ = {isa = PBXFileReference; lastKnownFileType = image.png; path = death.png; sourceTree = "<group>"; };
		04D2AA171A7C96620057C21D /* ship.png */ = {isa = PBXFileReference; lastKnownFileType = image.png; path = ship.png; sourceTree = "<group>"; };
		04D2AA1E1A7C96720057C21D /* Asteroid.cpp */ = {isa = PBXFileReference; fileEncoding = 4; lastKnownFileType = sourcecode.cpp.cpp; path = Asteroid.cpp; sourceTree = "<group>"; };
		04D2AA1F1A7C96720057C21D /* Background.cpp */ = {isa = PBXFileReference; fileEncoding = 4; lastKnownFileType = sourcecode.cpp.cpp; path = Background.cpp; sourceTree = "<group>"; };
		04D2AA201A7C96720057C21D /* Game.cpp */ = {isa = PBXFileReference; fileEncoding = 4; lastKnownFileType = sourcecode.cpp.cpp; path = Game.cpp; sourceTree = "<group>"; };
		04D2AA211A7C96720057C21D /* Main.cpp */ = {isa = PBXFileReference; fileEncoding = 4; lastKnownFileType = sourcecode.cpp.cpp; path = Main.cpp; sourceTree = "<group>"; };
		04D2AA221A7C96720057C21D /* Player.cpp */ = {isa = PBXFileReference; fileEncoding = 4; lastKnownFileType = sourcecode.cpp.cpp; path = Player.cpp; sourceTree = "<group>"; };
		04D2AA281A7C967E0057C21D /* Asteroid.h */ = {isa = PBXFileReference; lastKnownFileType = sourcecode.c.h; path = Asteroid.h; sourceTree = "<group>"; };
		04D2AA291A7C967E0057C21D /* Background.h */ = {isa = PBXFileReference; lastKnownFileType = sourcecode.c.h; path = Background.h; sourceTree = "<group>"; };
		04D2AA2A1A7C967E0057C21D /* Game.h */ = {isa = PBXFileReference; lastKnownFileType = sourcecode.c.h; path = Game.h; sourceTree = "<group>"; };
		04D2AA2B1A7C967E0057C21D /* Player.h */ = {isa = PBXFileReference; lastKnownFileType = sourcecode.c.h; path = Player.h; sourceTree = "<group>"; };
/* End PBXFileReference section */

/* Begin PBXFrameworksBuildPhase section */
		04D2A9D61A7C948F0057C21D /* Frameworks */ = {
			isa = PBXFrameworksBuildPhase;
			buildActionMask = 2147483647;
			files = (
			);
			runOnlyForDeploymentPostprocessing = 0;
		};
/* End PBXFrameworksBuildPhase section */

/* Begin PBXGroup section */
		04D2A9D01A7C948F0057C21D = {
			isa = PBXGroup;
			children = (
				04D2A9DC1A7C948F0057C21D /* SpaceGameV4 */,
				04D2A9DB1A7C948F0057C21D /* Products */,
			);
			sourceTree = "<group>";
		};
		04D2A9DB1A7C948F0057C21D /* Products */ = {
			isa = PBXGroup;
			children = (
				04D2A9DA1A7C948F0057C21D /* SpaceGameV4.app */,
			);
			name = Products;
			sourceTree = "<group>";
		};
		04D2A9DC1A7C948F0057C21D /* SpaceGameV4 */ = {
			isa = PBXGroup;
			children = (
				04D2AA111A7C964D0057C21D /* C++ Files */,
				04D2AA101A7C96480057C21D /* Header Files */,
				04D2A9DF1A7C948F0057C21D /* ResourcePath.mm */,
				04D2A9E11A7C948F0057C21D /* ResourcePath.hpp */,
				04D2A9E41A7C948F0057C21D /* Resources */,
				04D2A9DD1A7C948F0057C21D /* Supporting Files */,
			);
			path = SpaceGameV4;
			sourceTree = "<group>";
		};
		04D2A9DD1A7C948F0057C21D /* Supporting Files */ = {
			isa = PBXGroup;
			children = (
				04D2A9DE1A7C948F0057C21D /* SpaceGameV4-Info.plist */,
			);
			name = "Supporting Files";
			sourceTree = "<group>";
		};
		04D2A9E41A7C948F0057C21D /* Resources */ = {
			isa = PBXGroup;
			children = (
				041A33F91A7D0BEB002D9426 /* death.wav */,
				041A33F71A7D04AA002D9426 /* sansation.ttf */,
				04D2AA121A7C96620057C21D /* asteroid-large.png */,
				04D2AA131A7C96620057C21D /* asteroid-med.png */,
				04D2AA141A7C96620057C21D /* asteroid-small.png */,
				04D2AA151A7C96620057C21D /* background.png */,
				04D2AA161A7C96620057C21D /* death.png */,
				04D2AA171A7C96620057C21D /* ship.png */,
			);
			name = Resources;
			sourceTree = "<group>";
		};
		04D2AA101A7C96480057C21D /* Header Files */ = {
			isa = PBXGroup;
			children = (
				04D2AA2A1A7C967E0057C21D /* Game.h */,
				04D2AA2B1A7C967E0057C21D /* Player.h */,
				04D2AA281A7C967E0057C21D /* Asteroid.h */,
				04D2AA291A7C967E0057C21D /* Background.h */,
			);
			name = "Header Files";
			sourceTree = "<group>";
		};
		04D2AA111A7C964D0057C21D /* C++ Files */ = {
			isa = PBXGroup;
			children = (
				04D2AA211A7C96720057C21D /* Main.cpp */,
				04D2AA201A7C96720057C21D /* Game.cpp */,
				04D2AA221A7C96720057C21D /* Player.cpp */,
				04D2AA1E1A7C96720057C21D /* Asteroid.cpp */,
				04D2AA1F1A7C96720057C21D /* Background.cpp */,
			);
			name = "C++ Files";
			sourceTree = "<group>";
		};
/* End PBXGroup section */

/* Begin PBXNativeTarget section */
		04D2A9D91A7C948F0057C21D /* SpaceGameV4 */ = {
			isa = PBXNativeTarget;
			buildConfigurationList = 04D2A9EF1A7C948F0057C21D /* Build configuration list for PBXNativeTarget "SpaceGameV4" */;
			buildPhases = (
				04D2A9D51A7C948F0057C21D /* Sources */,
				04D2A9D61A7C948F0057C21D /* Frameworks */,
				04D2A9D71A7C948F0057C21D /* Resources */,
				04D2A9D81A7C948F0057C21D /* ShellScript */,
			);
			buildRules = (
			);
			dependencies = (
			);
			name = SpaceGameV4;
			productName = SpaceGameV4;
			productReference = 04D2A9DA1A7C948F0057C21D /* SpaceGameV4.app */;
			productType = "com.apple.product-type.application";
		};
/* End PBXNativeTarget section */

/* Begin PBXProject section */
		04D2A9D11A7C948F0057C21D /* Project object */ = {
			isa = PBXProject;
			attributes = {
				LastUpgradeCheck = 0610;
				ORGANIZATIONNAME = Slandercakes;
				TargetAttributes = {
					04D2A9D91A7C948F0057C21D = {
						CreatedOnToolsVersion = 6.1.1;
					};
				};
			};
			buildConfigurationList = 04D2A9D41A7C948F0057C21D /* Build configuration list for PBXProject "SpaceGameV4" */;
			compatibilityVersion = "Xcode 3.2";
			developmentRegion = English;
			hasScannedForEncodings = 0;
			knownRegions = (
				en,
			);
			mainGroup = 04D2A9D01A7C948F0057C21D;
			productRefGroup = 04D2A9DB1A7C948F0057C21D /* Products */;
			projectDirPath = "";
			projectRoot = "";
			targets = (
				04D2A9D91A7C948F0057C21D /* SpaceGameV4 */,
			);
		};
/* End PBXProject section */

/* Begin PBXResourcesBuildPhase section */
		04D2A9D71A7C948F0057C21D /* Resources */ = {
			isa = PBXResourcesBuildPhase;
			buildActionMask = 2147483647;
			files = (
				04D2AA181A7C96620057C21D /* asteroid-large.png in Resources */,
				04D2AA1B1A7C96620057C21D /* background.png in Resources */,
				041A33F81A7D04AA002D9426 /* sansation.ttf in Resources */,
				041A33FA1A7D0BEB002D9426 /* death.wav in Resources */,
				04D2AA191A7C96620057C21D /* asteroid-med.png in Resources */,
				04D2AA1A1A7C96620057C21D /* asteroid-small.png in Resources */,
				04D2AA1C1A7C96620057C21D /* death.png in Resources */,
				04D2AA1D1A7C96620057C21D /* ship.png in Resources */,
			);
			runOnlyForDeploymentPostprocessing = 0;
		};
/* End PBXResourcesBuildPhase section */

/* Begin PBXShellScriptBuildPhase section */
		04D2A9D81A7C948F0057C21D /* ShellScript */ = {
			isa = PBXShellScriptBuildPhase;
			buildActionMask = 2147483647;
			files = (
			);
			inputPaths = (
			);
			outputPaths = (
			);
			runOnlyForDeploymentPostprocessing = 0;
			shellPath = /bin/sh;
			shellScript = "# This shell script simply copies required SFML dylibs/frameworks into the application bundle frameworks folder.\n# If you're using static libraries (which is not recommended) you should remove this script from your project.\n\n# Are we building a project that uses frameworks or dylibs?\ncase \"$SFML_BINARY_TYPE\" in\n    DYLIBS)\n        frameworks=\"false\"\n        ;;\n    *)\n        frameworks=\"true\"\n        ;;\nesac\n\n# Echoes to stderr\nerror () # $* message to display\n{\n    echo $* 1>&2\n    exit 2\n}\n\nassert () # $1 is a boolean, $2...N is an error message\n{\n    if [ $# -lt 2 ]\n    then\n        error \"Internal error in assert : not enough args\"\n    fi\n\n    if [ $1 -ne 0 ]\n    then\n        shift\n        error \"$*\"\n    fi\n}\n\nforce_remove () # $@ is some paths\n{\n    test $# -ge 1\n    assert $? \"force_remove() requires at least one parameter\"\n    rm -fr $@\n    assert $? \"couldn't remove $@\"\n}\n\ncopy () # $1 is a source, $2 is a destination\n{\n    test $# -eq 2\n    assert $? \"copy() requires two parameters\"\n    ditto \"$1\" \"$2\"\n    assert $? \"couldn't copy $1 to $2\"\n}\n\nrequire () # $1 is a SFML module like 'system' or 'audio'\n{\n    dest=\"$BUILT_PRODUCTS_DIR/$PRODUCT_NAME.app/Contents/Frameworks\"\n\n    if [ -z \"$1\" ]\n    then\n        error \"require() requires one parameter!\"\n    else\n        # clean potentially old stuff\n        force_remove \"$dest/libsfml-$1\"*\n        force_remove \"$dest/sfml-$1.framework\"\n\n        # copy SFML libraries\n        if [ \"$frameworks\" = \"true\" ]\n        then\n            source=\"/Library/Frameworks/sfml-$1.framework\"\n            target=\"sfml-$1.framework\"\n        elif [ \"$SFML_LINK_DYLIBS_SUFFIX\" = \"-d\" ]\n        then\n            source=\"/usr/local/lib/libsfml-$1-d.dylib\"\n            target=\"`readlink $source`\"\n        else\n            source=\"/usr/local/lib/libsfml-$1.dylib\"\n            target=\"`readlink $source`\"\n        fi\n\n        copy \"$source\" \"$dest/$target\"\n\n        # copy extra dependencies\n        if [ \"$1\" = \"audio\" ]\n        then\n            # copy sndfile framework too\n            copy \"/Library/Frameworks/sndfile.framework\" \"$dest/sndfile.framework\"\n        elif [ \"$1\" = \"graphics\" ]\n        then\n            # copy freetype framework too\n            copy \"/Library/Frameworks/freetype.framework\" \"$dest/freetype.framework\"\n        fi\n    fi\n}\n\nif [ -n \"$SFML_SYSTEM\" ]\nthen\n    require \"system\"\nfi\n\nif [ -n \"$SFML_AUDIO\" ]\nthen\n    require \"audio\"\nfi\n\nif [ -n \"$SFML_NETWORK\" ]\nthen\n    require \"network\"\nfi\n\nif [ -n \"$SFML_WINDOW\" ]\nthen\n    require \"window\"\nfi\n\nif [ -n \"$SFML_GRAPHICS\" ]\nthen\n    require \"graphics\"\nfi\n\n                ";
		};
/* End PBXShellScriptBuildPhase section */

/* Begin PBXSourcesBuildPhase section */
		04D2A9D51A7C948F0057C21D /* Sources */ = {
			isa = PBXSourcesBuildPhase;
			buildActionMask = 2147483647;
			files = (
				04D2AA241A7C96720057C21D /* Background.cpp in Sources */,
				04D2AA231A7C96720057C21D /* Asteroid.cpp in Sources */,
				04D2AA271A7C96720057C21D /* Player.cpp in Sources */,
				04D2A9E01A7C948F0057C21D /* ResourcePath.mm in Sources */,
				04D2AA251A7C96720057C21D /* Game.cpp in Sources */,
				04D2AA261A7C96720057C21D /* Main.cpp in Sources */,
			);
			runOnlyForDeploymentPostprocessing = 0;
		};
/* End PBXSourcesBuildPhase section */

/* Begin XCBuildConfiguration section */
		04D2A9ED1A7C948F0057C21D /* Debug */ = {
			isa = XCBuildConfiguration;
			buildSettings = {
				ARCHS = (
					i386,
					x86_64,
				);
				CLANG_CXX_LANGUAGE_STANDARD = "c++0x";
				CLANG_CXX_LIBRARY = "libc++";
				FRAMEWORK_SEARCH_PATHS = (
					/Library/Frameworks/,
					"$(inherited)",
				);
				GCC_VERSION = com.apple.compilers.llvm.clang.1_0;
				HEADER_SEARCH_PATHS = (
					/usr/local/include/,
					"$(inherited)",
				);
				LIBRARY_SEARCH_PATHS = (
					/usr/local/lib/,
					"$(inherited)",
				);
				MACOSX_DEPLOYMENT_TARGET = 10.7;
				OTHER_LDFLAGS = (
					"$(inherited)",
					"$(SFML_SYSTEM)",
					"$(SFML_WINDOW)",
					"$(SFML_GRAPHICS)",
					"$(SFML_AUDIO)",
					"$(SFML_NETWORK)",
				);
				SFML_AUDIO = "$(SFML_LINK_PREFIX) sfml-audio$(SFML_LINK_SUFFIX)";
				SFML_BINARY_TYPE = FRAMEWORKS;
				SFML_GRAPHICS = "$(SFML_LINK_PREFIX) sfml-graphics$(SFML_LINK_SUFFIX)";
				SFML_LINK_DYLIBS_PREFIX = "-l";
				SFML_LINK_DYLIBS_SUFFIX = "";
				SFML_LINK_FRAMEWORKS_PREFIX = "-framework";
				SFML_LINK_FRAMEWORKS_SUFFIX = "";
				SFML_LINK_PREFIX = "$(SFML_LINK_$(SFML_BINARY_TYPE)_PREFIX)";
				SFML_LINK_SUFFIX = "$(SFML_LINK_$(SFML_BINARY_TYPE)_SUFFIX)";
				SFML_NETWORK = "";
				SFML_SYSTEM = "$(SFML_LINK_PREFIX) sfml-system$(SFML_LINK_SUFFIX)";
				SFML_WINDOW = "$(SFML_LINK_PREFIX) sfml-window$(SFML_LINK_SUFFIX)";
				SUPPORTED_PLATFORMS = macosx;
			};
			name = Debug;
		};
		04D2A9EE1A7C948F0057C21D /* Release */ = {
			isa = XCBuildConfiguration;
			buildSettings = {
				ARCHS = (
					i386,
					x86_64,
				);
				CLANG_CXX_LANGUAGE_STANDARD = "c++0x";
				CLANG_CXX_LIBRARY = "libc++";
				FRAMEWORK_SEARCH_PATHS = (
					/Library/Frameworks/,
					"$(inherited)",
				);
				GCC_VERSION = com.apple.compilers.llvm.clang.1_0;
				HEADER_SEARCH_PATHS = (
					/usr/local/include/,
					"$(inherited)",
				);
				LIBRARY_SEARCH_PATHS = (
					/usr/local/lib/,
					"$(inherited)",
				);
				MACOSX_DEPLOYMENT_TARGET = 10.7;
				OTHER_LDFLAGS = (
					"$(inherited)",
					"$(SFML_SYSTEM)",
					"$(SFML_WINDOW)",
					"$(SFML_GRAPHICS)",
					"$(SFML_AUDIO)",
					"$(SFML_NETWORK)",
				);
				SFML_AUDIO = "$(SFML_LINK_PREFIX) sfml-audio$(SFML_LINK_SUFFIX)";
				SFML_BINARY_TYPE = FRAMEWORKS;
				SFML_GRAPHICS = "$(SFML_LINK_PREFIX) sfml-graphics$(SFML_LINK_SUFFIX)";
				SFML_LINK_DYLIBS_PREFIX = "-l";
				SFML_LINK_DYLIBS_SUFFIX = "";
				SFML_LINK_FRAMEWORKS_PREFIX = "-framework";
				SFML_LINK_FRAMEWORKS_SUFFIX = "";
				SFML_LINK_PREFIX = "$(SFML_LINK_$(SFML_BINARY_TYPE)_PREFIX)";
				SFML_LINK_SUFFIX = "$(SFML_LINK_$(SFML_BINARY_TYPE)_SUFFIX)";
				SFML_NETWORK = "";
				SFML_SYSTEM = "$(SFML_LINK_PREFIX) sfml-system$(SFML_LINK_SUFFIX)";
				SFML_WINDOW = "$(SFML_LINK_PREFIX) sfml-window$(SFML_LINK_SUFFIX)";
				SUPPORTED_PLATFORMS = macosx;
			};
			name = Release;
		};
		04D2A9F01A7C948F0057C21D /* Debug */ = {
			isa = XCBuildConfiguration;
			buildSettings = {
				INFOPLIST_FILE = "SpaceGameV4/SpaceGameV4-Info.plist";
				LD_RUNPATH_SEARCH_PATHS = "@loader_path/../Frameworks";
				PRODUCT_NAME = "$(TARGET_NAME)";
			};
			name = Debug;
		};
		04D2A9F11A7C948F0057C21D /* Release */ = {
			isa = XCBuildConfiguration;
			buildSettings = {
				INFOPLIST_FILE = "SpaceGameV4/SpaceGameV4-Info.plist";
				LD_RUNPATH_SEARCH_PATHS = "@loader_path/../Frameworks";
				PRODUCT_NAME = "$(TARGET_NAME)";
			};
			name = Release;
		};
/* End XCBuildConfiguration section */

/* Begin XCConfigurationList section */
		04D2A9D41A7C948F0057C21D /* Build configuration list for PBXProject "SpaceGameV4" */ = {
			isa = XCConfigurationList;
			buildConfigurations = (
				04D2A9ED1A7C948F0057C21D /* Debug */,
				04D2A9EE1A7C948F0057C21D /* Release */,
			);
			defaultConfigurationIsVisible = 0;
			defaultConfigurationName = Release;
		};
		04D2A9EF1A7C948F0057C21D /* Build configuration list for PBXNativeTarget "SpaceGameV4" */ = {
			isa = XCConfigurationList;
			buildConfigurations = (
				04D2A9F01A7C948F0057C21D /* Debug */,
				04D2A9F11A7C948F0057C21D /* Release */,
			);
			defaultConfigurationIsVisible = 0;
			defaultConfigurationName = Release;
		};
/* End XCConfigurationList section */
	};
	rootObject = 04D2A9D11A7C948F0057C21D /* Project object */;
}
